
Microsoft Visual Studio Solution File, Format Version 12.00
# Visual Studio 15
VisualStudioVersion = 15.0.26124.0
MinimumVisualStudioVersion = 15.0.26124.0
Project("{9A19103F-16F7-4668-BE54-9A1E7A4F7556}") = "FlatGeobuf", "FlatGeobuf\FlatGeobuf.csproj", "{8449C250-80EA-4E53-ABE1-232CEACFAD18}"
EndProject
Project("{9A19103F-16F7-4668-BE54-9A1E7A4F7556}") = "FlatGeobuf.Tests", "FlatGeobuf.Tests\FlatGeobuf.Tests.csproj", "{4C01F69A-E6DD-495F-9CD8-E4610FAB0D87}"
EndProject
Project("{9A19103F-16F7-4668-BE54-9A1E7A4F7556}") = "FlatBuffers", "FlatBuffers\FlatBuffers.csproj", "{EE8B1E72-25B4-4DDE-A84B-A76495C95823}"
EndProject
Global
	GlobalSection(SolutionConfigurationPlatforms) = preSolution
		Debug|Any CPU = Debug|Any CPU
		Debug|x64 = Debug|x64
		Debug|x86 = Debug|x86
		Release|Any CPU = Release|Any CPU
		Release|x64 = Release|x64
		Release|x86 = Release|x86
	EndGlobalSection
	GlobalSection(ProjectConfigurationPlatforms) = postSolution
		{8449C250-80EA-4E53-ABE1-232CEACFAD18}.Debug|Any CPU.ActiveCfg = Debug|Any CPU
		{8449C250-80EA-4E53-ABE1-232CEACFAD18}.Debug|Any CPU.Build.0 = Debug|Any CPU
		{8449C250-80EA-4E53-ABE1-232CEACFAD18}.Debug|x64.ActiveCfg = Debug|Any CPU
		{8449C250-80EA-4E53-ABE1-232CEACFAD18}.Debug|x64.Build.0 = Debug|Any CPU
		{8449C250-80EA-4E53-ABE1-232CEACFAD18}.Debug|x86.ActiveCfg = Debug|Any CPU
		{8449C250-80EA-4E53-ABE1-232CEACFAD18}.Debug|x86.Build.0 = Debug|Any CPU
		{8449C250-80EA-4E53-ABE1-232CEACFAD18}.Release|Any CPU.ActiveCfg = Release|Any CPU
		{8449C250-80EA-4E53-ABE1-232CEACFAD18}.Release|Any CPU.Build.0 = Release|Any CPU
		{8449C250-80EA-4E53-ABE1-232CEACFAD18}.Release|x64.ActiveCfg = Release|Any CPU
		{8449C250-80EA-4E53-ABE1-232CEACFAD18}.Release|x64.Build.0 = Release|Any CPU
		{8449C250-80EA-4E53-ABE1-232CEACFAD18}.Release|x86.ActiveCfg = Release|Any CPU
		{8449C250-80EA-4E53-ABE1-232CEACFAD18}.Release|x86.Build.0 = Release|Any CPU
		{4C01F69A-E6DD-495F-9CD8-E4610FAB0D87}.Debug|Any CPU.ActiveCfg = Debug|Any CPU
		{4C01F69A-E6DD-495F-9CD8-E4610FAB0D87}.Debug|Any CPU.Build.0 = Debug|Any CPU
		{4C01F69A-E6DD-495F-9CD8-E4610FAB0D87}.Debug|x64.ActiveCfg = Debug|Any CPU
		{4C01F69A-E6DD-495F-9CD8-E4610FAB0D87}.Debug|x64.Build.0 = Debug|Any CPU
		{4C01F69A-E6DD-495F-9CD8-E4610FAB0D87}.Debug|x86.ActiveCfg = Debug|Any CPU
		{4C01F69A-E6DD-495F-9CD8-E4610FAB0D87}.Debug|x86.Build.0 = Debug|Any CPU
		{4C01F69A-E6DD-495F-9CD8-E4610FAB0D87}.Release|Any CPU.ActiveCfg = Release|Any CPU
		{4C01F69A-E6DD-495F-9CD8-E4610FAB0D87}.Release|Any CPU.Build.0 = Release|Any CPU
		{4C01F69A-E6DD-495F-9CD8-E4610FAB0D87}.Release|x64.ActiveCfg = Release|Any CPU
		{4C01F69A-E6DD-495F-9CD8-E4610FAB0D87}.Release|x64.Build.0 = Release|Any CPU
		{4C01F69A-E6DD-495F-9CD8-E4610FAB0D87}.Release|x86.ActiveCfg = Release|Any CPU
		{4C01F69A-E6DD-495F-9CD8-E4610FAB0D87}.Release|x86.Build.0 = Release|Any CPU
		{EE8B1E72-25B4-4DDE-A84B-A76495C95823}.Debug|Any CPU.ActiveCfg = Debug|Any CPU
		{EE8B1E72-25B4-4DDE-A84B-A76495C95823}.Debug|Any CPU.Build.0 = Debug|Any CPU
		{EE8B1E72-25B4-4DDE-A84B-A76495C95823}.Debug|x64.ActiveCfg = Debug|Any CPU
		{EE8B1E72-25B4-4DDE-A84B-A76495C95823}.Debug|x64.Build.0 = Debug|Any CPU
		{EE8B1E72-25B4-4DDE-A84B-A76495C95823}.Debug|x86.ActiveCfg = Debug|Any CPU
		{EE8B1E72-25B4-4DDE-A84B-A76495C95823}.Debug|x86.Build.0 = Debug|Any CPU
		{EE8B1E72-25B4-4DDE-A84B-A76495C95823}.Release|Any CPU.ActiveCfg = Release|Any CPU
		{EE8B1E72-25B4-4DDE-A84B-A76495C95823}.Release|Any CPU.Build.0 = Release|Any CPU
		{EE8B1E72-25B4-4DDE-A84B-A76495C95823}.Release|x64.ActiveCfg = Release|Any CPU
		{EE8B1E72-25B4-4DDE-A84B-A76495C95823}.Release|x64.Build.0 = Release|Any CPU
		{EE8B1E72-25B4-4DDE-A84B-A76495C95823}.Release|x86.ActiveCfg = Release|Any CPU
		{EE8B1E72-25B4-4DDE-A84B-A76495C95823}.Release|x86.Build.0 = Release|Any CPU
	EndGlobalSection
	GlobalSection(SolutionProperties) = preSolution
		HideSolutionNode = FALSE
	EndGlobalSection
	GlobalSection(ExtensibilityGlobals) = postSolution
		SolutionGuid = {FDFD94BF-4BFE-44D2-8344-198FA377E04F}
	EndGlobalSection
EndGlobal
