# THIS IS AN AUTOGENERATED FILE. DO NOT EDIT THIS FILE DIRECTLY.
# yarn lockfile v1


"@repeaterjs/repeater@3.0.6":
  version "3.0.6"
  resolved "https://registry.yarnpkg.com/@repeaterjs/repeater/-/repeater-3.0.6.tgz#be23df0143ceec3c69f8b6c2517971a5578fdaa2"
  integrity sha512-Javneu5lsuhwNCryN+pXH93VPQ8g0dBX7wItHFgYiwQmzE1sVdg5tWHiOgHywzL2W21XQopa7IwIEnNbmeUJYA==

flatbuffers@23.5.26:
  version "23.5.26"
  resolved "https://registry.yarnpkg.com/flatbuffers/-/flatbuffers-23.5.26.tgz#01358e272a61239f0faf3bfbe4e014f3ace9d746"
  integrity sha512-vE+SI9vrJDwi1oETtTIFldC/o9GsVKRM+s6EL0nQgxXlYV1Vc4Tk30hj4xGICftInKQKj1F3up2n8UbIVobISQ==

flatgeobuf@3.32.3:
  version "3.32.3"
  resolved "https://registry.yarnpkg.com/flatgeobuf/-/flatgeobuf-3.32.3.tgz#3f90a0da27b3487c1f2f9b19780b4e267f6fc7e7"
  integrity sha512-Q4z7y6wZ7W+mJJHWn5th5w/x6p+gdcCPaY3ZDo9QULaD/9xe65/d0UIX5/b8trzeXelWqcD+sOgXOaD2YonYYg==
  dependencies:
    "@repeaterjs/repeater" "3.0.6"
    flatbuffers "23.5.26"
    slice-source "0.4.1"

slice-source@0.4.1:
  version "0.4.1"
  resolved "https://registry.yarnpkg.com/slice-source/-/slice-source-0.4.1.tgz#40a57ac03c6668b5da200e05378e000bf2a61d79"
  integrity sha1-QKV6wDxmaLXaIA4FN44AC/KmHXk=
