# THIS IS AN AUTOGENERATED FILE. DO NOT EDIT THIS FILE DIRECTLY.
# yarn lockfile v1


"@repeaterjs/repeater@3.0.4":
  version "3.0.4"
  resolved "https://registry.yarnpkg.com/@repeaterjs/repeater/-/repeater-3.0.4.tgz#a04d63f4d1bf5540a41b01a921c9a7fddc3bd1ca"
  integrity sha512-AW8PKd6iX3vAZ0vA43nOUOnbq/X5ihgU+mSXXqunMkeQADGiqw/PY0JNeYtD5sr0PAy51YPgAPbDoeapv9r8WA==

flatbuffers@2.0.4:
  version "2.0.4"
  resolved "https://registry.yarnpkg.com/flatbuffers/-/flatbuffers-2.0.4.tgz#034456e29ec480de48bad34f7fc18c03f20c9768"
  integrity sha512-4rUFVDPjSoP0tOII34oQf+72NKU7E088U5oX7kwICahft0UB2kOQ9wUzzCp+OHxByERIfxRDCgX5mP8Pjkfl0g==

flatgeobuf@3.21.3:
  version "3.21.3"
  resolved "https://registry.yarnpkg.com/flatgeobuf/-/flatgeobuf-3.21.3.tgz#45bd3cb6c62e886fc53a9cb72118117d409049ac"
  integrity sha512-OpPt7eVCGPrk4O6wisF4eDw15R/72Y8h9HbryMIyAFpqi8DHCLM4sKuqFgJ2AcWZ7gCueyEu7HoRTWrUIvDOfQ==
  dependencies:
    "@repeaterjs/repeater" "3.0.4"
    flatbuffers "2.0.4"
    slice-source "0.4.1"

slice-source@0.4.1:
  version "0.4.1"
  resolved "https://registry.yarnpkg.com/slice-source/-/slice-source-0.4.1.tgz#40a57ac03c6668b5da200e05378e000bf2a61d79"
  integrity sha1-QKV6wDxmaLXaIA4FN44AC/KmHXk=
